
Microsoft Visual Studio Solution File, Format Version 12.00
# Visual Studio 15
VisualStudioVersion = 15.0.28307.329
MinimumVisualStudioVersion = 10.0.40219.1
Project("{9A19103F-16F7-4668-BE54-9A1E7A4F7556}") = "Shipwreck.Collections", "Shipwreck.Collections\Shipwreck.Collections.csproj", "{E4784E07-0441-469E-863E-DCFF7836CBD1}"
EndProject
Project("{9A19103F-16F7-4668-BE54-9A1E7A4F7556}") = "Shipwreck.Collections.Demo", "Shipwreck.Collections.Demo\Shipwreck.Collections.Demo.csproj", "{97C2FADA-77F5-44DE-99A9-483BBD23DC64}"
EndProject
Project("{2150E333-8FDC-42A3-9474-1A3956D46DE8}") = "Solution Items", "Solution Items", "{CE8EB6F8-EE07-47B9-88A7-7A6760DD09C0}"
	ProjectSection(SolutionItems) = preProject
		..\README.md = ..\README.md
	EndProjectSection
EndProject
Global
	GlobalSection(SolutionConfigurationPlatforms) = preSolution
		Debug|Any CPU = Debug|Any CPU
		Release|Any CPU = Release|Any CPU
	EndGlobalSection
	GlobalSection(ProjectConfigurationPlatforms) = postSolution
		{E4784E07-0441-469E-863E-DCFF7836CBD1}.Debug|Any CPU.ActiveCfg = Debug|Any CPU
		{E4784E07-0441-469E-863E-DCFF7836CBD1}.Debug|Any CPU.Build.0 = Debug|Any CPU
		{E4784E07-0441-469E-863E-DCFF7836CBD1}.Release|Any CPU.ActiveCfg = Release|Any CPU
		{E4784E07-0441-469E-863E-DCFF7836CBD1}.Release|Any CPU.Build.0 = Release|Any CPU
		{97C2FADA-77F5-44DE-99A9-483BBD23DC64}.Debug|Any CPU.ActiveCfg = Debug|Any CPU
		{97C2FADA-77F5-44DE-99A9-483BBD23DC64}.Debug|Any CPU.Build.0 = Debug|Any CPU
		{97C2FADA-77F5-44DE-99A9-483BBD23DC64}.Release|Any CPU.ActiveCfg = Release|Any CPU
		{97C2FADA-77F5-44DE-99A9-483BBD23DC64}.Release|Any CPU.Build.0 = Release|Any CPU
	EndGlobalSection
	GlobalSection(SolutionProperties) = preSolution
		HideSolutionNode = FALSE
	EndGlobalSection
	GlobalSection(ExtensibilityGlobals) = postSolution
		SolutionGuid = {1D71DF3B-76AE-4C3F-AD6B-6FDF276FC696}
	EndGlobalSection
EndGlobal
